
Microsoft Visual Studio Solution File, Format Version 12.00
# Visual Studio 15
VisualStudioVersion = 15.0.26403.7
MinimumVisualStudioVersion = 10.0.40219.1
Project("{FAE04EC0-301F-11D3-BF4B-00C04F79EFBC}") = "CarStore", "CarStore\CarStore.csproj", "{2389277C-344A-411E-92A5-51C3CD7A6931}"
EndProject
Global
	GlobalSection(SolutionConfigurationPlatforms) = preSolution
		Debug|Any CPU = Debug|Any CPU
		Release|Any CPU = Release|Any CPU
	EndGlobalSection
	GlobalSection(ProjectConfigurationPlatforms) = postSolution
		{2389277C-344A-411E-92A5-51C3CD7A6931}.Debug|Any CPU.ActiveCfg = Debug|Any CPU
		{2389277C-344A-411E-92A5-51C3CD7A6931}.Debug|Any CPU.Build.0 = Debug|Any CPU
		{2389277C-344A-411E-92A5-51C3CD7A6931}.Release|Any CPU.ActiveCfg = Release|Any CPU
		{2389277C-344A-411E-92A5-51C3CD7A6931}.Release|Any CPU.Build.0 = Release|Any CPU
	EndGlobalSection
	GlobalSection(SolutionProperties) = preSolution
		HideSolutionNode = FALSE
	EndGlobalSection
EndGlobal
